
Microsoft Visual Studio Solution File, Format Version 12.00
# Visual Studio 15
VisualStudioVersion = 15.0.28307.1082
MinimumVisualStudioVersion = 10.0.40219.1
Project("{FAE04EC0-301F-11D3-BF4B-00C04F79EFBC}") = "CyberPunk3000", "CyberPunk3000\CyberPunk3000.csproj", "{D79559E5-1F0F-4791-B16F-F209CE661315}"
EndProject
Global
	GlobalSection(SolutionConfigurationPlatforms) = preSolution
		Debug|Any CPU = Debug|Any CPU
		Release|Any CPU = Release|Any CPU
	EndGlobalSection
	GlobalSection(ProjectConfigurationPlatforms) = postSolution
		{D79559E5-1F0F-4791-B16F-F209CE661315}.Debug|Any CPU.ActiveCfg = Debug|Any CPU
		{D79559E5-1F0F-4791-B16F-F209CE661315}.Debug|Any CPU.Build.0 = Debug|Any CPU
		{D79559E5-1F0F-4791-B16F-F209CE661315}.Release|Any CPU.ActiveCfg = Release|Any CPU
		{D79559E5-1F0F-4791-B16F-F209CE661315}.Release|Any CPU.Build.0 = Release|Any CPU
	EndGlobalSection
	GlobalSection(SolutionProperties) = preSolution
		HideSolutionNode = FALSE
	EndGlobalSection
	GlobalSection(ExtensibilityGlobals) = postSolution
		SolutionGuid = {9D3C391D-FE2C-4115-92FF-9CF27679210C}
	EndGlobalSection
EndGlobal
